
Microsoft Visual Studio Solution File, Format Version 12.00
# Visual Studio Version 16
VisualStudioVersion = 16.0.29411.108
MinimumVisualStudioVersion = 10.0.40219.1
Project("{FAE04EC0-301F-11D3-BF4B-00C04F79EFBC}") = "E-LearningMVC", "E-LearningMVC.csproj", "{DAE8BA6B-23EE-4F31-96AE-EB34C09EE640}"
EndProject
Global
	GlobalSection(SolutionConfigurationPlatforms) = preSolution
		Debug|Any CPU = Debug|Any CPU
		Release|Any CPU = Release|Any CPU
	EndGlobalSection
	GlobalSection(ProjectConfigurationPlatforms) = postSolution
		{DAE8BA6B-23EE-4F31-96AE-EB34C09EE640}.Debug|Any CPU.ActiveCfg = Debug|Any CPU
		{DAE8BA6B-23EE-4F31-96AE-EB34C09EE640}.Debug|Any CPU.Build.0 = Debug|Any CPU
		{DAE8BA6B-23EE-4F31-96AE-EB34C09EE640}.Release|Any CPU.ActiveCfg = Release|Any CPU
		{DAE8BA6B-23EE-4F31-96AE-EB34C09EE640}.Release|Any CPU.Build.0 = Release|Any CPU
	EndGlobalSection
	GlobalSection(SolutionProperties) = preSolution
		HideSolutionNode = FALSE
	EndGlobalSection
	GlobalSection(ExtensibilityGlobals) = postSolution
		SolutionGuid = {C002EC73-FECA-4DB4-92F7-7459C93F7138}
	EndGlobalSection
EndGlobal
